// !$*UTF8*$!
{
	archiveVersion = 1;
	classes = {
	};
	objectVersion = 55;
	objects = {

/* Begin PBXBuildFile section */
		52C81F34850B1E5353B18915 /* Pods_JsonEmirTests.framework in Frameworks */ = {isa = PBXBuildFile; fileRef = BCDBBA92BFCD725F2CB3FC15 /* Pods_JsonEmirTests.framework */; };
		69DF5C0327C0E47C002FDF06 /* AppDelegate.swift in Sources */ = {isa = PBXBuildFile; fileRef = 69DF5C0227C0E47C002FDF06 /* AppDelegate.swift */; };
		69DF5C0527C0E47C002FDF06 /* SceneDelegate.swift in Sources */ = {isa = PBXBuildFile; fileRef = 69DF5C0427C0E47C002FDF06 /* SceneDelegate.swift */; };
		69DF5C0727C0E47C002FDF06 /* MainController.swift in Sources */ = {isa = PBXBuildFile; fileRef = 69DF5C0627C0E47C002FDF06 /* MainController.swift */; };
		69DF5C0A27C0E47C002FDF06 /* Main.storyboard in Resources */ = {isa = PBXBuildFile; fileRef = 69DF5C0827C0E47C002FDF06 /* Main.storyboard */; };
		69DF5C0C27C0E47F002FDF06 /* Assets.xcassets in Resources */ = {isa = PBXBuildFile; fileRef = 69DF5C0B27C0E47F002FDF06 /* Assets.xcassets */; };
		69DF5C0F27C0E47F002FDF06 /* LaunchScreen.storyboard in Resources */ = {isa = PBXBuildFile; fileRef = 69DF5C0D27C0E47F002FDF06 /* LaunchScreen.storyboard */; };
		69DF5C1A27C0E47F002FDF06 /* JsonEmirTests.swift in Sources */ = {isa = PBXBuildFile; fileRef = 69DF5C1927C0E47F002FDF06 /* JsonEmirTests.swift */; };
		69DF5C2427C0E47F002FDF06 /* JsonEmirUITests.swift in Sources */ = {isa = PBXBuildFile; fileRef = 69DF5C2327C0E47F002FDF06 /* JsonEmirUITests.swift */; };
		69DF5C2627C0E47F002FDF06 /* JsonEmirUITestsLaunchTests.swift in Sources */ = {isa = PBXBuildFile; fileRef = 69DF5C2527C0E47F002FDF06 /* JsonEmirUITestsLaunchTests.swift */; };
		69DF5C3427C0E726002FDF06 /* ModelJson1.swift in Sources */ = {isa = PBXBuildFile; fileRef = 69DF5C3327C0E725002FDF06 /* ModelJson1.swift */; };
		69DF5C3727C0F1A1002FDF06 /* ModelJson2.swift in Sources */ = {isa = PBXBuildFile; fileRef = 69DF5C3627C0F1A1002FDF06 /* ModelJson2.swift */; };
		69DF5C3927C0F456002FDF06 /* ModelJson3.swift in Sources */ = {isa = PBXBuildFile; fileRef = 69DF5C3827C0F456002FDF06 /* ModelJson3.swift */; };
		9E8913DAC0988B54E0414082 /* Pods_JsonEmir.framework in Frameworks */ = {isa = PBXBuildFile; fileRef = 6C237DCE4E6524D1035D6787 /* Pods_JsonEmir.framework */; };
		CC2CCEC2FE7BFDAF0F1C5C21 /* Pods_JsonEmir_JsonEmirUITests.framework in Frameworks */ = {isa = PBXBuildFile; fileRef = C0AD694CA99DBB9955BFF427 /* Pods_JsonEmir_JsonEmirUITests.framework */; };
/* End PBXBuildFile section */

/* Begin PBXContainerItemProxy section */
		69DF5C1627C0E47F002FDF06 /* PBXContainerItemProxy */ = {
			isa = PBXContainerItemProxy;
			containerPortal = 69DF5BF727C0E47C002FDF06 /* Project object */;
			proxyType = 1;
			remoteGlobalIDString = 69DF5BFE27C0E47C002FDF06;
			remoteInfo = JsonEmir;
		};
		69DF5C2027C0E47F002FDF06 /* PBXContainerItemProxy */ = {
			isa = PBXContainerItemProxy;
			containerPortal = 69DF5BF727C0E47C002FDF06 /* Project object */;
			proxyType = 1;
			remoteGlobalIDString = 69DF5BFE27C0E47C002FDF06;
			remoteInfo = JsonEmir;
		};
/* End PBXContainerItemProxy section */

/* Begin PBXFileReference section */
		18B3A6590611E942702DB361 /* Pods-JsonEmir-JsonEmirUITests.debug.xcconfig */ = {isa = PBXFileReference; includeInIndex = 1; lastKnownFileType = text.xcconfig; name = "Pods-JsonEmir-JsonEmirUITests.debug.xcconfig"; path = "Target Support Files/Pods-JsonEmir-JsonEmirUITests/Pods-JsonEmir-JsonEmirUITests.debug.xcconfig"; sourceTree = "<group>"; };
		69DF5BFF27C0E47C002FDF06 /* JsonEmir.app */ = {isa = PBXFileReference; explicitFileType = wrapper.application; includeInIndex = 0; path = JsonEmir.app; sourceTree = BUILT_PRODUCTS_DIR; };
		69DF5C0227C0E47C002FDF06 /* AppDelegate.swift */ = {isa = PBXFileReference; lastKnownFileType = sourcecode.swift; path = AppDelegate.swift; sourceTree = "<group>"; };
		69DF5C0427C0E47C002FDF06 /* SceneDelegate.swift */ = {isa = PBXFileReference; lastKnownFileType = sourcecode.swift; path = SceneDelegate.swift; sourceTree = "<group>"; };
		69DF5C0627C0E47C002FDF06 /* MainController.swift */ = {isa = PBXFileReference; lastKnownFileType = sourcecode.swift; path = MainController.swift; sourceTree = "<group>"; };
		69DF5C0927C0E47C002FDF06 /* Base */ = {isa = PBXFileReference; lastKnownFileType = file.storyboard; name = Base; path = Base.lproj/Main.storyboard; sourceTree = "<group>"; };
		69DF5C0B27C0E47F002FDF06 /* Assets.xcassets */ = {isa = PBXFileReference; lastKnownFileType = folder.assetcatalog; path = Assets.xcassets; sourceTree = "<group>"; };
		69DF5C0E27C0E47F002FDF06 /* Base */ = {isa = PBXFileReference; lastKnownFileType = file.storyboard; name = Base; path = Base.lproj/LaunchScreen.storyboard; sourceTree = "<group>"; };
		69DF5C1027C0E47F002FDF06 /* Info.plist */ = {isa = PBXFileReference; lastKnownFileType = text.plist.xml; path = Info.plist; sourceTree = "<group>"; };
		69DF5C1527C0E47F002FDF06 /* JsonEmirTests.xctest */ = {isa = PBXFileReference; explicitFileType = wrapper.cfbundle; includeInIndex = 0; path = JsonEmirTests.xctest; sourceTree = BUILT_PRODUCTS_DIR; };
		69DF5C1927C0E47F002FDF06 /* JsonEmirTests.swift */ = {isa = PBXFileReference; lastKnownFileType = sourcecode.swift; path = JsonEmirTests.swift; sourceTree = "<group>"; };
		69DF5C1F27C0E47F002FDF06 /* JsonEmirUITests.xctest */ = {isa = PBXFileReference; explicitFileType = wrapper.cfbundle; includeInIndex = 0; path = JsonEmirUITests.xctest; sourceTree = BUILT_PRODUCTS_DIR; };
		69DF5C2327C0E47F002FDF06 /* JsonEmirUITests.swift */ = {isa = PBXFileReference; lastKnownFileType = sourcecode.swift; path = JsonEmirUITests.swift; sourceTree = "<group>"; };
		69DF5C2527C0E47F002FDF06 /* JsonEmirUITestsLaunchTests.swift */ = {isa = PBXFileReference; lastKnownFileType = sourcecode.swift; path = JsonEmirUITestsLaunchTests.swift; sourceTree = "<group>"; };
		69DF5C3327C0E725002FDF06 /* ModelJson1.swift */ = {isa = PBXFileReference; lastKnownFileType = sourcecode.swift; path = ModelJson1.swift; sourceTree = "<group>"; };
		69DF5C3627C0F1A1002FDF06 /* ModelJson2.swift */ = {isa = PBXFileReference; lastKnownFileType = sourcecode.swift; path = ModelJson2.swift; sourceTree = "<group>"; };
		69DF5C3827C0F456002FDF06 /* ModelJson3.swift */ = {isa = PBXFileReference; lastKnownFileType = sourcecode.swift; path = ModelJson3.swift; sourceTree = "<group>"; };
		6C237DCE4E6524D1035D6787 /* Pods_JsonEmir.framework */ = {isa = PBXFileReference; explicitFileType = wrapper.framework; includeInIndex = 0; path = Pods_JsonEmir.framework; sourceTree = BUILT_PRODUCTS_DIR; };
		88703E7CAFEAD5729722D1B2 /* Pods-JsonEmir.release.xcconfig */ = {isa = PBXFileReference; includeInIndex = 1; lastKnownFileType = text.xcconfig; name = "Pods-JsonEmir.release.xcconfig"; path = "Target Support Files/Pods-JsonEmir/Pods-JsonEmir.release.xcconfig"; sourceTree = "<group>"; };
		B0DEC74433356AA7C5D40EC8 /* Pods-JsonEmir.debug.xcconfig */ = {isa = PBXFileReference; includeInIndex = 1; lastKnownFileType = text.xcconfig; name = "Pods-JsonEmir.debug.xcconfig"; path = "Target Support Files/Pods-JsonEmir/Pods-JsonEmir.debug.xcconfig"; sourceTree = "<group>"; };
		B83DCBB00DA77F778F17DFD2 /* Pods-JsonEmirTests.release.xcconfig */ = {isa = PBXFileReference; includeInIndex = 1; lastKnownFileType = text.xcconfig; name = "Pods-JsonEmirTests.release.xcconfig"; path = "Target Support Files/Pods-JsonEmirTests/Pods-JsonEmirTests.release.xcconfig"; sourceTree = "<group>"; };
		BCDBBA92BFCD725F2CB3FC15 /* Pods_JsonEmirTests.framework */ = {isa = PBXFileReference; explicitFileType = wrapper.framework; includeInIndex = 0; path = Pods_JsonEmirTests.framework; sourceTree = BUILT_PRODUCTS_DIR; };
		C0AD694CA99DBB9955BFF427 /* Pods_JsonEmir_JsonEmirUITests.framework */ = {isa = PBXFileReference; explicitFileType = wrapper.framework; includeInIndex = 0; path = Pods_JsonEmir_JsonEmirUITests.framework; sourceTree = BUILT_PRODUCTS_DIR; };
		CA181310DF5602EA84600243 /* Pods-JsonEmir-JsonEmirUITests.release.xcconfig */ = {isa = PBXFileReference; includeInIndex = 1; lastKnownFileType = text.xcconfig; name = "Pods-JsonEmir-JsonEmirUITests.release.xcconfig"; path = "Target Support Files/Pods-JsonEmir-JsonEmirUITests/Pods-JsonEmir-JsonEmirUITests.release.xcconfig"; sourceTree = "<group>"; };
		EA4EBF5ACAC28E00722D10AA /* Pods-JsonEmirTests.debug.xcconfig */ = {isa = PBXFileReference; includeInIndex = 1; lastKnownFileType = text.xcconfig; name = "Pods-JsonEmirTests.debug.xcconfig"; path = "Target Support Files/Pods-JsonEmirTests/Pods-JsonEmirTests.debug.xcconfig"; sourceTree = "<group>"; };
/* End PBXFileReference section */

/* Begin PBXFrameworksBuildPhase section */
		69DF5BFC27C0E47C002FDF06 /* Frameworks */ = {
			isa = PBXFrameworksBuildPhase;
			buildActionMask = 2147483647;
			files = (
				9E8913DAC0988B54E0414082 /* Pods_JsonEmir.framework in Frameworks */,
			);
			runOnlyForDeploymentPostprocessing = 0;
		};
		69DF5C1227C0E47F002FDF06 /* Frameworks */ = {
			isa = PBXFrameworksBuildPhase;
			buildActionMask = 2147483647;
			files = (
				52C81F34850B1E5353B18915 /* Pods_JsonEmirTests.framework in Frameworks */,
			);
			runOnlyForDeploymentPostprocessing = 0;
		};
		69DF5C1C27C0E47F002FDF06 /* Frameworks */ = {
			isa = PBXFrameworksBuildPhase;
			buildActionMask = 2147483647;
			files = (
				CC2CCEC2FE7BFDAF0F1C5C21 /* Pods_JsonEmir_JsonEmirUITests.framework in Frameworks */,
			);
			runOnlyForDeploymentPostprocessing = 0;
		};
/* End PBXFrameworksBuildPhase section */

/* Begin PBXGroup section */
		69DF5BF627C0E47C002FDF06 = {
			isa = PBXGroup;
			children = (
				69DF5C0127C0E47C002FDF06 /* JsonEmir */,
				69DF5C1827C0E47F002FDF06 /* JsonEmirTests */,
				69DF5C2227C0E47F002FDF06 /* JsonEmirUITests */,
				69DF5C0027C0E47C002FDF06 /* Products */,
				9D3C9F0D00FF1536A7808597 /* Pods */,
				7484A1245437CB81B43D7F0E /* Frameworks */,
			);
			sourceTree = "<group>";
		};
		69DF5C0027C0E47C002FDF06 /* Products */ = {
			isa = PBXGroup;
			children = (
				69DF5BFF27C0E47C002FDF06 /* JsonEmir.app */,
				69DF5C1527C0E47F002FDF06 /* JsonEmirTests.xctest */,
				69DF5C1F27C0E47F002FDF06 /* JsonEmirUITests.xctest */,
			);
			name = Products;
			sourceTree = "<group>";
		};
		69DF5C0127C0E47C002FDF06 /* JsonEmir */ = {
			isa = PBXGroup;
			children = (
				69DF5C3527C0F151002FDF06 /* Model */,
				69DF5C3227C0E5CD002FDF06 /* Main */,
				69DF5C0227C0E47C002FDF06 /* AppDelegate.swift */,
				69DF5C0427C0E47C002FDF06 /* SceneDelegate.swift */,
				69DF5C0827C0E47C002FDF06 /* Main.storyboard */,
				69DF5C0B27C0E47F002FDF06 /* Assets.xcassets */,
				69DF5C0D27C0E47F002FDF06 /* LaunchScreen.storyboard */,
				69DF5C1027C0E47F002FDF06 /* Info.plist */,
			);
			path = JsonEmir;
			sourceTree = "<group>";
		};
		69DF5C1827C0E47F002FDF06 /* JsonEmirTests */ = {
			isa = PBXGroup;
			children = (
				69DF5C1927C0E47F002FDF06 /* JsonEmirTests.swift */,
			);
			path = JsonEmirTests;
			sourceTree = "<group>";
		};
		69DF5C2227C0E47F002FDF06 /* JsonEmirUITests */ = {
			isa = PBXGroup;
			children = (
				69DF5C2327C0E47F002FDF06 /* JsonEmirUITests.swift */,
				69DF5C2527C0E47F002FDF06 /* JsonEmirUITestsLaunchTests.swift */,
			);
			path = JsonEmirUITests;
			sourceTree = "<group>";
		};
		69DF5C3227C0E5CD002FDF06 /* Main */ = {
			isa = PBXGroup;
			children = (
				69DF5C0627C0E47C002FDF06 /* MainController.swift */,
			);
			path = Main;
			sourceTree = "<group>";
		};
		69DF5C3527C0F151002FDF06 /* Model */ = {
			isa = PBXGroup;
			children = (
				69DF5C3327C0E725002FDF06 /* ModelJson1.swift */,
				69DF5C3627C0F1A1002FDF06 /* ModelJson2.swift */,
				69DF5C3827C0F456002FDF06 /* ModelJson3.swift */,
			);
			path = Model;
			sourceTree = "<group>";
		};
		7484A1245437CB81B43D7F0E /* Frameworks */ = {
			isa = PBXGroup;
			children = (
				6C237DCE4E6524D1035D6787 /* Pods_JsonEmir.framework */,
				C0AD694CA99DBB9955BFF427 /* Pods_JsonEmir_JsonEmirUITests.framework */,
				BCDBBA92BFCD725F2CB3FC15 /* Pods_JsonEmirTests.framework */,
			);
			name = Frameworks;
			sourceTree = "<group>";
		};
		9D3C9F0D00FF1536A7808597 /* Pods */ = {
			isa = PBXGroup;
			children = (
				B0DEC74433356AA7C5D40EC8 /* Pods-JsonEmir.debug.xcconfig */,
				88703E7CAFEAD5729722D1B2 /* Pods-JsonEmir.release.xcconfig */,
				18B3A6590611E942702DB361 /* Pods-JsonEmir-JsonEmirUITests.debug.xcconfig */,
				CA181310DF5602EA84600243 /* Pods-JsonEmir-JsonEmirUITests.release.xcconfig */,
				EA4EBF5ACAC28E00722D10AA /* Pods-JsonEmirTests.debug.xcconfig */,
				B83DCBB00DA77F778F17DFD2 /* Pods-JsonEmirTests.release.xcconfig */,
			);
			path = Pods;
			sourceTree = "<group>";
		};
/* End PBXGroup section */

/* Begin PBXNativeTarget section */
		69DF5BFE27C0E47C002FDF06 /* JsonEmir */ = {
			isa = PBXNativeTarget;
			buildConfigurationList = 69DF5C2927C0E47F002FDF06 /* Build configuration list for PBXNativeTarget "JsonEmir" */;
			buildPhases = (
				83D548CBABAE8D1E0D607590 /* [CP] Check Pods Manifest.lock */,
				69DF5BFB27C0E47C002FDF06 /* Sources */,
				69DF5BFC27C0E47C002FDF06 /* Frameworks */,
				69DF5BFD27C0E47C002FDF06 /* Resources */,
				5CD33037F609848C470FF649 /* [CP] Embed Pods Frameworks */,
			);
			buildRules = (
			);
			dependencies = (
			);
			name = JsonEmir;
			productName = JsonEmir;
			productReference = 69DF5BFF27C0E47C002FDF06 /* JsonEmir.app */;
			productType = "com.apple.product-type.application";
		};
		69DF5C1427C0E47F002FDF06 /* JsonEmirTests */ = {
			isa = PBXNativeTarget;
			buildConfigurationList = 69DF5C2C27C0E47F002FDF06 /* Build configuration list for PBXNativeTarget "JsonEmirTests" */;
			buildPhases = (
				ED042AF6043AF2BB96C68E8B /* [CP] Check Pods Manifest.lock */,
				69DF5C1127C0E47F002FDF06 /* Sources */,
				69DF5C1227C0E47F002FDF06 /* Frameworks */,
				69DF5C1327C0E47F002FDF06 /* Resources */,
			);
			buildRules = (
			);
			dependencies = (
				69DF5C1727C0E47F002FDF06 /* PBXTargetDependency */,
			);
			name = JsonEmirTests;
			productName = JsonEmirTests;
			productReference = 69DF5C1527C0E47F002FDF06 /* JsonEmirTests.xctest */;
			productType = "com.apple.product-type.bundle.unit-test";
		};
		69DF5C1E27C0E47F002FDF06 /* JsonEmirUITests */ = {
			isa = PBXNativeTarget;
			buildConfigurationList = 69DF5C2F27C0E47F002FDF06 /* Build configuration list for PBXNativeTarget "JsonEmirUITests" */;
			buildPhases = (
				056A6B50BC54A1B9687992B4 /* [CP] Check Pods Manifest.lock */,
				69DF5C1B27C0E47F002FDF06 /* Sources */,
				69DF5C1C27C0E47F002FDF06 /* Frameworks */,
				69DF5C1D27C0E47F002FDF06 /* Resources */,
				C40B31B3364875663C4083AE /* [CP] Embed Pods Frameworks */,
			);
			buildRules = (
			);
			dependencies = (
				69DF5C2127C0E47F002FDF06 /* PBXTargetDependency */,
			);
			name = JsonEmirUITests;
			productName = JsonEmirUITests;
			productReference = 69DF5C1F27C0E47F002FDF06 /* JsonEmirUITests.xctest */;
			productType = "com.apple.product-type.bundle.ui-testing";
		};
/* End PBXNativeTarget section */

/* Begin PBXProject section */
		69DF5BF727C0E47C002FDF06 /* Project object */ = {
			isa = PBXProject;
			attributes = {
				BuildIndependentTargetsInParallel = 1;
				LastSwiftUpdateCheck = 1310;
				LastUpgradeCheck = 1310;
				TargetAttributes = {
					69DF5BFE27C0E47C002FDF06 = {
						CreatedOnToolsVersion = 13.1;
					};
					69DF5C1427C0E47F002FDF06 = {
						CreatedOnToolsVersion = 13.1;
						TestTargetID = 69DF5BFE27C0E47C002FDF06;
					};
					69DF5C1E27C0E47F002FDF06 = {
						CreatedOnToolsVersion = 13.1;
						TestTargetID = 69DF5BFE27C0E47C002FDF06;
					};
				};
			};
			buildConfigurationList = 69DF5BFA27C0E47C002FDF06 /* Build configuration list for PBXProject "JsonEmir" */;
			compatibilityVersion = "Xcode 13.0";
			developmentRegion = en;
			hasScannedForEncodings = 0;
			knownRegions = (
				en,
				Base,
			);
			mainGroup = 69DF5BF627C0E47C002FDF06;
			productRefGroup = 69DF5C0027C0E47C002FDF06 /* Products */;
			projectDirPath = "";
			projectRoot = "";
			targets = (
				69DF5BFE27C0E47C002FDF06 /* JsonEmir */,
				69DF5C1427C0E47F002FDF06 /* JsonEmirTests */,
				69DF5C1E27C0E47F002FDF06 /* JsonEmirUITests */,
			);
		};
/* End PBXProject section */

/* Begin PBXResourcesBuildPhase section */
		69DF5BFD27C0E47C002FDF06 /* Resources */ = {
			isa = PBXResourcesBuildPhase;
			buildActionMask = 2147483647;
			files = (
				69DF5C0F27C0E47F002FDF06 /* LaunchScreen.storyboard in Resources */,
				69DF5C0C27C0E47F002FDF06 /* Assets.xcassets in Resources */,
				69DF5C0A27C0E47C002FDF06 /* Main.storyboard in Resources */,
			);
			runOnlyForDeploymentPostprocessing = 0;
		};
		69DF5C1327C0E47F002FDF06 /* Resources */ = {
			isa = PBXResourcesBuildPhase;
			buildActionMask = 2147483647;
			files = (
			);
			runOnlyForDeploymentPostprocessing = 0;
		};
		69DF5C1D27C0E47F002FDF06 /* Resources */ = {
			isa = PBXResourcesBuildPhase;
			buildActionMask = 2147483647;
			files = (
			);
			runOnlyForDeploymentPostprocessing = 0;
		};
/* End PBXResourcesBuildPhase section */

/* Begin PBXShellScriptBuildPhase section */
		056A6B50BC54A1B9687992B4 /* [CP] Check Pods Manifest.lock */ = {
			isa = PBXShellScriptBuildPhase;
			buildActionMask = 2147483647;
			files = (
			);
			inputFileListPaths = (
			);
			inputPaths = (
				"${PODS_PODFILE_DIR_PATH}/Podfile.lock",
				"${PODS_ROOT}/Manifest.lock",
			);
			name = "[CP] Check Pods Manifest.lock";
			outputFileListPaths = (
			);
			outputPaths = (
				"$(DERIVED_FILE_DIR)/Pods-JsonEmir-JsonEmirUITests-checkManifestLockResult.txt",
			);
			runOnlyForDeploymentPostprocessing = 0;
			shellPath = /bin/sh;
			shellScript = "diff \"${PODS_PODFILE_DIR_PATH}/Podfile.lock\" \"${PODS_ROOT}/Manifest.lock\" > /dev/null\nif [ $? != 0 ] ; then\n    # print error to STDERR\n    echo \"error: The sandbox is not in sync with the Podfile.lock. Run 'pod install' or update your CocoaPods installation.\" >&2\n    exit 1\nfi\n# This output is used by Xcode 'outputs' to avoid re-running this script phase.\necho \"SUCCESS\" > \"${SCRIPT_OUTPUT_FILE_0}\"\n";
			showEnvVarsInLog = 0;
		};
		5CD33037F609848C470FF649 /* [CP] Embed Pods Frameworks */ = {
			isa = PBXShellScriptBuildPhase;
			buildActionMask = 2147483647;
			files = (
			);
			inputFileListPaths = (
				"${PODS_ROOT}/Target Support Files/Pods-JsonEmir/Pods-JsonEmir-frameworks-${CONFIGURATION}-input-files.xcfilelist",
			);
			name = "[CP] Embed Pods Frameworks";
			outputFileListPaths = (
				"${PODS_ROOT}/Target Support Files/Pods-JsonEmir/Pods-JsonEmir-frameworks-${CONFIGURATION}-output-files.xcfilelist",
			);
			runOnlyForDeploymentPostprocessing = 0;
			shellPath = /bin/sh;
			shellScript = "\"${PODS_ROOT}/Target Support Files/Pods-JsonEmir/Pods-JsonEmir-frameworks.sh\"\n";
			showEnvVarsInLog = 0;
		};
		83D548CBABAE8D1E0D607590 /* [CP] Check Pods Manifest.lock */ = {
			isa = PBXShellScriptBuildPhase;
			buildActionMask = 2147483647;
			files = (
			);
			inputFileListPaths = (
			);
			inputPaths = (
				"${PODS_PODFILE_DIR_PATH}/Podfile.lock",
				"${PODS_ROOT}/Manifest.lock",
			);
			name = "[CP] Check Pods Manifest.lock";
			outputFileListPaths = (
			);
			outputPaths = (
				"$(DERIVED_FILE_DIR)/Pods-JsonEmir-checkManifestLockResult.txt",
			);
			runOnlyForDeploymentPostprocessing = 0;
			shellPath = /bin/sh;
			shellScript = "diff \"${PODS_PODFILE_DIR_PATH}/Podfile.lock\" \"${PODS_ROOT}/Manifest.lock\" > /dev/null\nif [ $? != 0 ] ; then\n    # print error to STDERR\n    echo \"error: The sandbox is not in sync with the Podfile.lock. Run 'pod install' or update your CocoaPods installation.\" >&2\n    exit 1\nfi\n# This output is used by Xcode 'outputs' to avoid re-running this script phase.\necho \"SUCCESS\" > \"${SCRIPT_OUTPUT_FILE_0}\"\n";
			showEnvVarsInLog = 0;
		};
		C40B31B3364875663C4083AE /* [CP] Embed Pods Frameworks */ = {
			isa = PBXShellScriptBuildPhase;
			buildActionMask = 2147483647;
			files = (
			);
			inputFileListPaths = (
				"${PODS_ROOT}/Target Support Files/Pods-JsonEmir-JsonEmirUITests/Pods-JsonEmir-JsonEmirUITests-frameworks-${CONFIGURATION}-input-files.xcfilelist",
			);
			name = "[CP] Embed Pods Frameworks";
			outputFileListPaths = (
				"${PODS_ROOT}/Target Support Files/Pods-JsonEmir-JsonEmirUITests/Pods-JsonEmir-JsonEmirUITests-frameworks-${CONFIGURATION}-output-files.xcfilelist",
			);
			runOnlyForDeploymentPostprocessing = 0;
			shellPath = /bin/sh;
			shellScript = "\"${PODS_ROOT}/Target Support Files/Pods-JsonEmir-JsonEmirUITests/Pods-JsonEmir-JsonEmirUITests-frameworks.sh\"\n";
			showEnvVarsInLog = 0;
		};
		ED042AF6043AF2BB96C68E8B /* [CP] Check Pods Manifest.lock */ = {
			isa = PBXShellScriptBuildPhase;
			buildActionMask = 2147483647;
			files = (
			);
			inputFileListPaths = (
			);
			inputPaths = (
				"${PODS_PODFILE_DIR_PATH}/Podfile.lock",
				"${PODS_ROOT}/Manifest.lock",
			);
			name = "[CP] Check Pods Manifest.lock";
			outputFileListPaths = (
			);
			outputPaths = (
				"$(DERIVED_FILE_DIR)/Pods-JsonEmirTests-checkManifestLockResult.txt",
			);
			runOnlyForDeploymentPostprocessing = 0;
			shellPath = /bin/sh;
			shellScript = "diff \"${PODS_PODFILE_DIR_PATH}/Podfile.lock\" \"${PODS_ROOT}/Manifest.lock\" > /dev/null\nif [ $? != 0 ] ; then\n    # print error to STDERR\n    echo \"error: The sandbox is not in sync with the Podfile.lock. Run 'pod install' or update your CocoaPods installation.\" >&2\n    exit 1\nfi\n# This output is used by Xcode 'outputs' to avoid re-running this script phase.\necho \"SUCCESS\" > \"${SCRIPT_OUTPUT_FILE_0}\"\n";
			showEnvVarsInLog = 0;
		};
/* End PBXShellScriptBuildPhase section */

/* Begin PBXSourcesBuildPhase section */
		69DF5BFB27C0E47C002FDF06 /* Sources */ = {
			isa = PBXSourcesBuildPhase;
			buildActionMask = 2147483647;
			files = (
				69DF5C0727C0E47C002FDF06 /* MainController.swift in Sources */,
				69DF5C0327C0E47C002FDF06 /* AppDelegate.swift in Sources */,
				69DF5C0527C0E47C002FDF06 /* SceneDelegate.swift in Sources */,
				69DF5C3727C0F1A1002FDF06 /* ModelJson2.swift in Sources */,
				69DF5C3427C0E726002FDF06 /* ModelJson1.swift in Sources */,
				69DF5C3927C0F456002FDF06 /* ModelJson3.swift in Sources */,
			);
			runOnlyForDeploymentPostprocessing = 0;
		};
		69DF5C1127C0E47F002FDF06 /* Sources */ = {
			isa = PBXSourcesBuildPhase;
			buildActionMask = 2147483647;
			files = (
				69DF5C1A27C0E47F002FDF06 /* JsonEmirTests.swift in Sources */,
			);
			runOnlyForDeploymentPostprocessing = 0;
		};
		69DF5C1B27C0E47F002FDF06 /* Sources */ = {
			isa = PBXSourcesBuildPhase;
			buildActionMask = 2147483647;
			files = (
				69DF5C2627C0E47F002FDF06 /* JsonEmirUITestsLaunchTests.swift in Sources */,
				69DF5C2427C0E47F002FDF06 /* JsonEmirUITests.swift in Sources */,
			);
			runOnlyForDeploymentPostprocessing = 0;
		};
/* End PBXSourcesBuildPhase section */

/* Begin PBXTargetDependency section */
		69DF5C1727C0E47F002FDF06 /* PBXTargetDependency */ = {
			isa = PBXTargetDependency;
			target = 69DF5BFE27C0E47C002FDF06 /* JsonEmir */;
			targetProxy = 69DF5C1627C0E47F002FDF06 /* PBXContainerItemProxy */;
		};
		69DF5C2127C0E47F002FDF06 /* PBXTargetDependency */ = {
			isa = PBXTargetDependency;
			target = 69DF5BFE27C0E47C002FDF06 /* JsonEmir */;
			targetProxy = 69DF5C2027C0E47F002FDF06 /* PBXContainerItemProxy */;
		};
/* End PBXTargetDependency section */

/* Begin PBXVariantGroup section */
		69DF5C0827C0E47C002FDF06 /* Main.storyboard */ = {
			isa = PBXVariantGroup;
			children = (
				69DF5C0927C0E47C002FDF06 /* Base */,
			);
			name = Main.storyboard;
			sourceTree = "<group>";
		};
		69DF5C0D27C0E47F002FDF06 /* LaunchScreen.storyboard */ = {
			isa = PBXVariantGroup;
			children = (
				69DF5C0E27C0E47F002FDF06 /* Base */,
			);
			name = LaunchScreen.storyboard;
			sourceTree = "<group>";
		};
/* End PBXVariantGroup section */

/* Begin XCBuildConfiguration section */
		69DF5C2727C0E47F002FDF06 /* Debug */ = {
			isa = XCBuildConfiguration;
			buildSettings = {
				ALWAYS_SEARCH_USER_PATHS = NO;
				CLANG_ANALYZER_NONNULL = YES;
				CLANG_ANALYZER_NUMBER_OBJECT_CONVERSION = YES_AGGRESSIVE;
				CLANG_CXX_LANGUAGE_STANDARD = "gnu++17";
				CLANG_CXX_LIBRARY = "libc++";
				CLANG_ENABLE_MODULES = YES;
				CLANG_ENABLE_OBJC_ARC = YES;
				CLANG_ENABLE_OBJC_WEAK = YES;
				CLANG_WARN_BLOCK_CAPTURE_AUTORELEASING = YES;
				CLANG_WARN_BOOL_CONVERSION = YES;
				CLANG_WARN_COMMA = YES;
				CLANG_WARN_CONSTANT_CONVERSION = YES;
				CLANG_WARN_DEPRECATED_OBJC_IMPLEMENTATIONS = YES;
				CLANG_WARN_DIRECT_OBJC_ISA_USAGE = YES_ERROR;
				CLANG_WARN_DOCUMENTATION_COMMENTS = YES;
				CLANG_WARN_EMPTY_BODY = YES;
				CLANG_WARN_ENUM_CONVERSION = YES;
				CLANG_WARN_INFINITE_RECURSION = YES;
				CLANG_WARN_INT_CONVERSION = YES;
				CLANG_WARN_NON_LITERAL_NULL_CONVERSION = YES;
				CLANG_WARN_OBJC_IMPLICIT_RETAIN_SELF = YES;
				CLANG_WARN_OBJC_LITERAL_CONVERSION = YES;
				CLANG_WARN_OBJC_ROOT_CLASS = YES_ERROR;
				CLANG_WARN_QUOTED_INCLUDE_IN_FRAMEWORK_HEADER = YES;
				CLANG_WARN_RANGE_LOOP_ANALYSIS = YES;
				CLANG_WARN_STRICT_PROTOTYPES = YES;
				CLANG_WARN_SUSPICIOUS_MOVE = YES;
				CLANG_WARN_UNGUARDED_AVAILABILITY = YES_AGGRESSIVE;
				CLANG_WARN_UNREACHABLE_CODE = YES;
				CLANG_WARN__DUPLICATE_METHOD_MATCH = YES;
				COPY_PHASE_STRIP = NO;
				DEBUG_INFORMATION_FORMAT = dwarf;
				ENABLE_STRICT_OBJC_MSGSEND = YES;
				ENABLE_TESTABILITY = YES;
				GCC_C_LANGUAGE_STANDARD = gnu11;
				GCC_DYNAMIC_NO_PIC = NO;
				GCC_NO_COMMON_BLOCKS = YES;
				GCC_OPTIMIZATION_LEVEL = 0;
				GCC_PREPROCESSOR_DEFINITIONS = (
					"DEBUG=1",
					"$(inherited)",
				);
				GCC_WARN_64_TO_32_BIT_CONVERSION = YES;
				GCC_WARN_ABOUT_RETURN_TYPE = YES_ERROR;
				GCC_WARN_UNDECLARED_SELECTOR = YES;
				GCC_WARN_UNINITIALIZED_AUTOS = YES_AGGRESSIVE;
				GCC_WARN_UNUSED_FUNCTION = YES;
				GCC_WARN_UNUSED_VARIABLE = YES;
				IPHONEOS_DEPLOYMENT_TARGET = 15.0;
				MTL_ENABLE_DEBUG_INFO = INCLUDE_SOURCE;
				MTL_FAST_MATH = YES;
				ONLY_ACTIVE_ARCH = YES;
				SDKROOT = iphoneos;
				SWIFT_ACTIVE_COMPILATION_CONDITIONS = DEBUG;
				SWIFT_OPTIMIZATION_LEVEL = "-Onone";
			};
			name = Debug;
		};
		69DF5C2827C0E47F002FDF06 /* Release */ = {
			isa = XCBuildConfiguration;
			buildSettings = {
				ALWAYS_SEARCH_USER_PATHS = NO;
				CLANG_ANALYZER_NONNULL = YES;
				CLANG_ANALYZER_NUMBER_OBJECT_CONVERSION = YES_AGGRESSIVE;
				CLANG_CXX_LANGUAGE_STANDARD = "gnu++17";
				CLANG_CXX_LIBRARY = "libc++";
				CLANG_ENABLE_MODULES = YES;
				CLANG_ENABLE_OBJC_ARC = YES;
				CLANG_ENABLE_OBJC_WEAK = YES;
				CLANG_WARN_BLOCK_CAPTURE_AUTORELEASING = YES;
				CLANG_WARN_BOOL_CONVERSION = YES;
				CLANG_WARN_COMMA = YES;
				CLANG_WARN_CONSTANT_CONVERSION = YES;
				CLANG_WARN_DEPRECATED_OBJC_IMPLEMENTATIONS = YES;
				CLANG_WARN_DIRECT_OBJC_ISA_USAGE = YES_ERROR;
				CLANG_WARN_DOCUMENTATION_COMMENTS = YES;
				CLANG_WARN_EMPTY_BODY = YES;
				CLANG_WARN_ENUM_CONVERSION = YES;
				CLANG_WARN_INFINITE_RECURSION = YES;
				CLANG_WARN_INT_CONVERSION = YES;
				CLANG_WARN_NON_LITERAL_NULL_CONVERSION = YES;
				CLANG_WARN_OBJC_IMPLICIT_RETAIN_SELF = YES;
				CLANG_WARN_OBJC_LITERAL_CONVERSION = YES;
				CLANG_WARN_OBJC_ROOT_CLASS = YES_ERROR;
				CLANG_WARN_QUOTED_INCLUDE_IN_FRAMEWORK_HEADER = YES;
				CLANG_WARN_RANGE_LOOP_ANALYSIS = YES;
				CLANG_WARN_STRICT_PROTOTYPES = YES;
				CLANG_WARN_SUSPICIOUS_MOVE = YES;
				CLANG_WARN_UNGUARDED_AVAILABILITY = YES_AGGRESSIVE;
				CLANG_WARN_UNREACHABLE_CODE = YES;
				CLANG_WARN__DUPLICATE_METHOD_MATCH = YES;
				COPY_PHASE_STRIP = NO;
				DEBUG_INFORMATION_FORMAT = "dwarf-with-dsym";
				ENABLE_NS_ASSERTIONS = NO;
				ENABLE_STRICT_OBJC_MSGSEND = YES;
				GCC_C_LANGUAGE_STANDARD = gnu11;
				GCC_NO_COMMON_BLOCKS = YES;
				GCC_WARN_64_TO_32_BIT_CONVERSION = YES;
				GCC_WARN_ABOUT_RETURN_TYPE = YES_ERROR;
				GCC_WARN_UNDECLARED_SELECTOR = YES;
				GCC_WARN_UNINITIALIZED_AUTOS = YES_AGGRESSIVE;
				GCC_WARN_UNUSED_FUNCTION = YES;
				GCC_WARN_UNUSED_VARIABLE = YES;
				IPHONEOS_DEPLOYMENT_TARGET = 15.0;
				MTL_ENABLE_DEBUG_INFO = NO;
				MTL_FAST_MATH = YES;
				SDKROOT = iphoneos;
				SWIFT_COMPILATION_MODE = wholemodule;
				SWIFT_OPTIMIZATION_LEVEL = "-O";
				VALIDATE_PRODUCT = YES;
			};
			name = Release;
		};
		69DF5C2A27C0E47F002FDF06 /* Debug */ = {
			isa = XCBuildConfiguration;
			baseConfigurationReference = B0DEC74433356AA7C5D40EC8 /* Pods-JsonEmir.debug.xcconfig */;
			buildSettings = {
				ASSETCATALOG_COMPILER_APPICON_NAME = AppIcon;
				ASSETCATALOG_COMPILER_GLOBAL_ACCENT_COLOR_NAME = AccentColor;
				CODE_SIGN_STYLE = Automatic;
				CURRENT_PROJECT_VERSION = 1;
				DEVELOPMENT_TEAM = FQ2695S35Q;
				GENERATE_INFOPLIST_FILE = YES;
				INFOPLIST_FILE = JsonEmir/Info.plist;
				INFOPLIST_KEY_UIApplicationSupportsIndirectInputEvents = YES;
				INFOPLIST_KEY_UILaunchStoryboardName = LaunchScreen;
				INFOPLIST_KEY_UIMainStoryboardFile = Main;
				INFOPLIST_KEY_UISupportedInterfaceOrientations_iPad = "UIInterfaceOrientationPortrait UIInterfaceOrientationPortraitUpsideDown UIInterfaceOrientationLandscapeLeft UIInterfaceOrientationLandscapeRight";
				INFOPLIST_KEY_UISupportedInterfaceOrientations_iPhone = "UIInterfaceOrientationPortrait UIInterfaceOrientationLandscapeLeft UIInterfaceOrientationLandscapeRight";
				LD_RUNPATH_SEARCH_PATHS = (
					"$(inherited)",
					"@executable_path/Frameworks",
				);
				MARKETING_VERSION = 1.0;
				PRODUCT_BUNDLE_IDENTIFIER = Lesson.JsonEmir;
				PRODUCT_NAME = "$(TARGET_NAME)";
				SWIFT_EMIT_LOC_STRINGS = YES;
				SWIFT_VERSION = 5.0;
				TARGETED_DEVICE_FAMILY = "1,2";
			};
			name = Debug;
		};
		69DF5C2B27C0E47F002FDF06 /* Release */ = {
			isa = XCBuildConfiguration;
			baseConfigurationReference = 88703E7CAFEAD5729722D1B2 /* Pods-JsonEmir.release.xcconfig */;
			buildSettings = {
				ASSETCATALOG_COMPILER_APPICON_NAME = AppIcon;
				ASSETCATALOG_COMPILER_GLOBAL_ACCENT_COLOR_NAME = AccentColor;
				CODE_SIGN_STYLE = Automatic;
				CURRENT_PROJECT_VERSION = 1;
				DEVELOPMENT_TEAM = FQ2695S35Q;
				GENERATE_INFOPLIST_FILE = YES;
				INFOPLIST_FILE = JsonEmir/Info.plist;
				INFOPLIST_KEY_UIApplicationSupportsIndirectInputEvents = YES;
				INFOPLIST_KEY_UILaunchStoryboardName = LaunchScreen;
				INFOPLIST_KEY_UIMainStoryboardFile = Main;
				INFOPLIST_KEY_UISupportedInterfaceOrientations_iPad = "UIInterfaceOrientationPortrait UIInterfaceOrientationPortraitUpsideDown UIInterfaceOrientationLandscapeLeft UIInterfaceOrientationLandscapeRight";
				INFOPLIST_KEY_UISupportedInterfaceOrientations_iPhone = "UIInterfaceOrientationPortrait UIInterfaceOrientationLandscapeLeft UIInterfaceOrientationLandscapeRight";
				LD_RUNPATH_SEARCH_PATHS = (
					"$(inherited)",
					"@executable_path/Frameworks",
				);
				MARKETING_VERSION = 1.0;
				PRODUCT_BUNDLE_IDENTIFIER = Lesson.JsonEmir;
				PRODUCT_NAME = "$(TARGET_NAME)";
				SWIFT_EMIT_LOC_STRINGS = YES;
				SWIFT_VERSION = 5.0;
				TARGETED_DEVICE_FAMILY = "1,2";
			};
			name = Release;
		};
		69DF5C2D27C0E47F002FDF06 /* Debug */ = {
			isa = XCBuildConfiguration;
			baseConfigurationReference = EA4EBF5ACAC28E00722D10AA /* Pods-JsonEmirTests.debug.xcconfig */;
			buildSettings = {
				ALWAYS_EMBED_SWIFT_STANDARD_LIBRARIES = YES;
				BUNDLE_LOADER = "$(TEST_HOST)";
				CODE_SIGN_STYLE = Automatic;
				CURRENT_PROJECT_VERSION = 1;
				DEVELOPMENT_TEAM = FQ2695S35Q;
				GENERATE_INFOPLIST_FILE = YES;
				IPHONEOS_DEPLOYMENT_TARGET = 15.0;
				LD_RUNPATH_SEARCH_PATHS = (
					"$(inherited)",
					"@executable_path/Frameworks",
					"@loader_path/Frameworks",
				);
				MARKETING_VERSION = 1.0;
				PRODUCT_BUNDLE_IDENTIFIER = Lesson.JsonEmirTests;
				PRODUCT_NAME = "$(TARGET_NAME)";
				SWIFT_EMIT_LOC_STRINGS = NO;
				SWIFT_VERSION = 5.0;
				TARGETED_DEVICE_FAMILY = "1,2";
				TEST_HOST = "$(BUILT_PRODUCTS_DIR)/JsonEmir.app/JsonEmir";
			};
			name = Debug;
		};
		69DF5C2E27C0E47F002FDF06 /* Release */ = {
			isa = XCBuildConfiguration;
			baseConfigurationReference = B83DCBB00DA77F778F17DFD2 /* Pods-JsonEmirTests.release.xcconfig */;
			buildSettings = {
				ALWAYS_EMBED_SWIFT_STANDARD_LIBRARIES = YES;
				BUNDLE_LOADER = "$(TEST_HOST)";
				CODE_SIGN_STYLE = Automatic;
				CURRENT_PROJECT_VERSION = 1;
				DEVELOPMENT_TEAM = FQ2695S35Q;
				GENERATE_INFOPLIST_FILE = YES;
				IPHONEOS_DEPLOYMENT_TARGET = 15.0;
				LD_RUNPATH_SEARCH_PATHS = (
					"$(inherited)",
					"@executable_path/Frameworks",
					"@loader_path/Frameworks",
				);
				MARKETING_VERSION = 1.0;
				PRODUCT_BUNDLE_IDENTIFIER = Lesson.JsonEmirTests;
				PRODUCT_NAME = "$(TARGET_NAME)";
				SWIFT_EMIT_LOC_STRINGS = NO;
				SWIFT_VERSION = 5.0;
				TARGETED_DEVICE_FAMILY = "1,2";
				TEST_HOST = "$(BUILT_PRODUCTS_DIR)/JsonEmir.app/JsonEmir";
			};
			name = Release;
		};
		69DF5C3027C0E47F002FDF06 /* Debug */ = {
			isa = XCBuildConfiguration;
			baseConfigurationReference = 18B3A6590611E942702DB361 /* Pods-JsonEmir-JsonEmirUITests.debug.xcconfig */;
			buildSettings = {
				ALWAYS_EMBED_SWIFT_STANDARD_LIBRARIES = YES;
				CODE_SIGN_STYLE = Automatic;
				CURRENT_PROJECT_VERSION = 1;
				DEVELOPMENT_TEAM = FQ2695S35Q;
				GENERATE_INFOPLIST_FILE = YES;
				LD_RUNPATH_SEARCH_PATHS = (
					"$(inherited)",
					"@executable_path/Frameworks",
					"@loader_path/Frameworks",
				);
				MARKETING_VERSION = 1.0;
				PRODUCT_BUNDLE_IDENTIFIER = Lesson.JsonEmirUITests;
				PRODUCT_NAME = "$(TARGET_NAME)";
				SWIFT_EMIT_LOC_STRINGS = NO;
				SWIFT_VERSION = 5.0;
				TARGETED_DEVICE_FAMILY = "1,2";
				TEST_TARGET_NAME = JsonEmir;
			};
			name = Debug;
		};
		69DF5C3127C0E47F002FDF06 /* Release */ = {
			isa = XCBuildConfiguration;
			baseConfigurationReference = CA181310DF5602EA84600243 /* Pods-JsonEmir-JsonEmirUITests.release.xcconfig */;
			buildSettings = {
				ALWAYS_EMBED_SWIFT_STANDARD_LIBRARIES = YES;
				CODE_SIGN_STYLE = Automatic;
				CURRENT_PROJECT_VERSION = 1;
				DEVELOPMENT_TEAM = FQ2695S35Q;
				GENERATE_INFOPLIST_FILE = YES;
				LD_RUNPATH_SEARCH_PATHS = (
					"$(inherited)",
					"@executable_path/Frameworks",
					"@loader_path/Frameworks",
				);
				MARKETING_VERSION = 1.0;
				PRODUCT_BUNDLE_IDENTIFIER = Lesson.JsonEmirUITests;
				PRODUCT_NAME = "$(TARGET_NAME)";
				SWIFT_EMIT_LOC_STRINGS = NO;
				SWIFT_VERSION = 5.0;
				TARGETED_DEVICE_FAMILY = "1,2";
				TEST_TARGET_NAME = JsonEmir;
			};
			name = Release;
		};
/* End XCBuildConfiguration section */

/* Begin XCConfigurationList section */
		69DF5BFA27C0E47C002FDF06 /* Build configuration list for PBXProject "JsonEmir" */ = {
			isa = XCConfigurationList;
			buildConfigurations = (
				69DF5C2727C0E47F002FDF06 /* Debug */,
				69DF5C2827C0E47F002FDF06 /* Release */,
			);
			defaultConfigurationIsVisible = 0;
			defaultConfigurationName = Release;
		};
		69DF5C2927C0E47F002FDF06 /* Build configuration list for PBXNativeTarget "JsonEmir" */ = {
			isa = XCConfigurationList;
			buildConfigurations = (
				69DF5C2A27C0E47F002FDF06 /* Debug */,
				69DF5C2B27C0E47F002FDF06 /* Release */,
			);
			defaultConfigurationIsVisible = 0;
			defaultConfigurationName = Release;
		};
		69DF5C2C27C0E47F002FDF06 /* Build configuration list for PBXNativeTarget "JsonEmirTests" */ = {
			isa = XCConfigurationList;
			buildConfigurations = (
				69DF5C2D27C0E47F002FDF06 /* Debug */,
				69DF5C2E27C0E47F002FDF06 /* Release */,
			);
			defaultConfigurationIsVisible = 0;
			defaultConfigurationName = Release;
		};
		69DF5C2F27C0E47F002FDF06 /* Build configuration list for PBXNativeTarget "JsonEmirUITests" */ = {
			isa = XCConfigurationList;
			buildConfigurations = (
				69DF5C3027C0E47F002FDF06 /* Debug */,
				69DF5C3127C0E47F002FDF06 /* Release */,
			);
			defaultConfigurationIsVisible = 0;
			defaultConfigurationName = Release;
		};
/* End XCConfigurationList section */
	};
	rootObject = 69DF5BF727C0E47C002FDF06 /* Project object */;
}
